
Microsoft Visual Studio Solution File, Format Version 12.00
# Visual Studio Version 16
VisualStudioVersion = 16.0.30804.86
MinimumVisualStudioVersion = 10.0.40219.1
Project("{8BC9CEB8-8B4A-11D0-8D11-00A0C91BC942}") = "HappyGarden", "HappyGarden\HappyGarden.vcxproj", "{74FFC56A-CABC-4113-89D0-7FC516C73F9F}"
EndProject
Global
	GlobalSection(SolutionConfigurationPlatforms) = preSolution
		Debug|x64 = Debug|x64
		Debug|x86 = Debug|x86
		DebugWindows|x64 = DebugWindows|x64
		DebugWindows|x86 = DebugWindows|x86
		Release|x64 = Release|x64
		Release|x86 = Release|x86
	EndGlobalSection
	GlobalSection(ProjectConfigurationPlatforms) = postSolution
		{74FFC56A-CABC-4113-89D0-7FC516C73F9F}.Debug|x64.ActiveCfg = Debug|x64
		{74FFC56A-CABC-4113-89D0-7FC516C73F9F}.Debug|x64.Build.0 = Debug|x64
		{74FFC56A-CABC-4113-89D0-7FC516C73F9F}.Debug|x86.ActiveCfg = Debug|x64
		{74FFC56A-CABC-4113-89D0-7FC516C73F9F}.Debug|x86.Build.0 = Debug|x64
		{74FFC56A-CABC-4113-89D0-7FC516C73F9F}.DebugWindows|x64.ActiveCfg = DebugWindows|x64
		{74FFC56A-CABC-4113-89D0-7FC516C73F9F}.DebugWindows|x64.Build.0 = DebugWindows|x64
		{74FFC56A-CABC-4113-89D0-7FC516C73F9F}.DebugWindows|x86.ActiveCfg = DebugWindows|Win32
		{74FFC56A-CABC-4113-89D0-7FC516C73F9F}.DebugWindows|x86.Build.0 = DebugWindows|Win32
		{74FFC56A-CABC-4113-89D0-7FC516C73F9F}.Release|x64.ActiveCfg = Release|x64
		{74FFC56A-CABC-4113-89D0-7FC516C73F9F}.Release|x64.Build.0 = Release|x64
		{74FFC56A-CABC-4113-89D0-7FC516C73F9F}.Release|x86.ActiveCfg = Release|Win32
		{74FFC56A-CABC-4113-89D0-7FC516C73F9F}.Release|x86.Build.0 = Release|Win32
	EndGlobalSection
	GlobalSection(SolutionProperties) = preSolution
		HideSolutionNode = FALSE
	EndGlobalSection
	GlobalSection(ExtensibilityGlobals) = postSolution
		SolutionGuid = {17FAF017-FDD1-429F-BEA5-54CA76A2A3AE}
	EndGlobalSection
EndGlobal
